<?xml version="1.0" encoding="utf-8"?>
<Project ToolsVersion="4.0" xmlns="http://schemas.microsoft.com/developer/msbuild/2003">
  <ItemGroup>
    <Filter Include="App">
      <UniqueIdentifier>{46D6870B-B2DF-877C-3B5B-9E7CA763937C}</UniqueIdentifier>
    </Filter>
    <Filter Include="Core">
      <UniqueIdentifier>{2EB4837C-1AEB-840D-C3D7-6A10AFED000F}</UniqueIdentifier>
    </Filter>
    <Filter Include="Core\Logging">
      <UniqueIdentifier>{C4E22202-B045-B2A6-59CB-EA5C450D7E29}</UniqueIdentifier>
    </Filter>
    <Filter Include="Events">
      <UniqueIdentifier>{3A8963B1-262B-8E87-0FE6-A1DBFB2615D8}</UniqueIdentifier>
    </Filter>
    <Filter Include="Events\Events">
      <UniqueIdentifier>{DE4F4F71-4A10-CBA7-134B-14257FCA0F84}</UniqueIdentifier>
    </Filter>
    <Filter Include="Foundation">
      <UniqueIdentifier>{9C8483D0-883C-C51D-F143-9E79DD1A600E}</UniqueIdentifier>
    </Filter>
    <Filter Include="Platforms">
      <UniqueIdentifier>{DDACA145-4917-56BC-9255-0762FEFE3311}</UniqueIdentifier>
    </Filter>
    <Filter Include="Platforms\OpenGL">
      <UniqueIdentifier>{719BB998-5D94-D8EA-86C6-BD6F721EB8F6}</UniqueIdentifier>
    </Filter>
    <Filter Include="Platforms\Windows">
      <UniqueIdentifier>{17E40808-83FA-069E-CC71-92BF38C7D725}</UniqueIdentifier>
    </Filter>
  </ItemGroup>
  <ItemGroup>
    <ClInclude Include="App\App.h">
      <Filter>App</Filter>
    </ClInclude>
    <ClInclude Include="Core\Core.h">
      <Filter>Core</Filter>
    </ClInclude>
    <ClInclude Include="Core\EntryPoint.h">
      <Filter>Core</Filter>
    </ClInclude>
    <ClInclude Include="Core\Logging\PieLog.h">
      <Filter>Core\Logging</Filter>
    </ClInclude>
    <ClInclude Include="Core\Window.h">
      <Filter>Core</Filter>
    </ClInclude>
    <ClInclude Include="Events\Event.h">
      <Filter>Events</Filter>
    </ClInclude>
    <ClInclude Include="Events\Events\ApplicationEvent.h">
      <Filter>Events\Events</Filter>
    </ClInclude>
    <ClInclude Include="Events\Events\KeyEvent.h">
      <Filter>Events\Events</Filter>
    </ClInclude>
    <ClInclude Include="Events\Events\MouseEvent.h">
      <Filter>Events\Events</Filter>
    </ClInclude>
    <ClInclude Include="Foundation\Foundation.h">
      <Filter>Foundation</Filter>
    </ClInclude>
    <ClInclude Include="Pie.h" />
    <ClInclude Include="PieEngine.h" />
    <ClInclude Include="Platforms\OpenGL\OpenGLBuffer.h">
      <Filter>Platforms\OpenGL</Filter>
    </ClInclude>
    <ClInclude Include="Platforms\OpenGL\OpenGLContext.h">
      <Filter>Platforms\OpenGL</Filter>
    </ClInclude>
    <ClInclude Include="Platforms\OpenGL\OpenGLRendererAPI.h">
      <Filter>Platforms\OpenGL</Filter>
    </ClInclude>
    <ClInclude Include="Platforms\OpenGL\OpenGLShader.h">
      <Filter>Platforms\OpenGL</Filter>
    </ClInclude>
    <ClInclude Include="Platforms\OpenGL\OpenGLTexture.h">
      <Filter>Platforms\OpenGL</Filter>
    </ClInclude>
    <ClInclude Include="Platforms\OpenGL\OpenGLVertexArray.h">
      <Filter>Platforms\OpenGL</Filter>
    </ClInclude>
    <ClInclude Include="Platforms\Windows\WindowsInput.h">
      <Filter>Platforms\Windows</Filter>
    </ClInclude>
    <ClInclude Include="Platforms\Windows\WindowsWindow.h">
      <Filter>Platforms\Windows</Filter>
    </ClInclude>
  </ItemGroup>
  <ItemGroup>
    <ClCompile Include="App\App.cpp">
      <Filter>App</Filter>
    </ClCompile>
    <ClCompile Include="Core\Logging\PieLog.cpp">
      <Filter>Core\Logging</Filter>
    </ClCompile>
    <ClCompile Include="Pie.cpp" />
    <ClCompile Include="Platforms\OpenGL\OpenGLBuffer.cpp">
      <Filter>Platforms\OpenGL</Filter>
    </ClCompile>
    <ClCompile Include="Platforms\OpenGL\OpenGLContext.cpp">
      <Filter>Platforms\OpenGL</Filter>
    </ClCompile>
    <ClCompile Include="Platforms\OpenGL\OpenGLRendererAPI.cpp">
      <Filter>Platforms\OpenGL</Filter>
    </ClCompile>
    <ClCompile Include="Platforms\OpenGL\OpenGLShader.cpp">
      <Filter>Platforms\OpenGL</Filter>
    </ClCompile>
    <ClCompile Include="Platforms\OpenGL\OpenGLTexture.cpp">
      <Filter>Platforms\OpenGL</Filter>
    </ClCompile>
    <ClCompile Include="Platforms\OpenGL\OpenGLVertexArray.cpp">
      <Filter>Platforms\OpenGL</Filter>
    </ClCompile>
    <ClCompile Include="Platforms\Windows\WindowsInput.cpp">
      <Filter>Platforms\Windows</Filter>
    </ClCompile>
    <ClCompile Include="Platforms\Windows\WindowsWindow.cpp">
      <Filter>Platforms\Windows</Filter>
    </ClCompile>
  </ItemGroup>
</Project>